
Microsoft Visual Studio Solution File, Format Version 12.00
# Visual Studio Version 17
VisualStudioVersion = 17.8.34330.188
MinimumVisualStudioVersion = 10.0.40219.1
Project("{FAE04EC0-301F-11D3-BF4B-00C04F79EFBC}") = "WpfApp1", "WpfApp1\WpfApp1.csproj", "{AF3C4AA6-0E1E-40F8-AF8E-DDC591E39551}"
EndProject
Global
	GlobalSection(SolutionConfigurationPlatforms) = preSolution
		Debug|Any CPU = Debug|Any CPU
		Release|Any CPU = Release|Any CPU
	EndGlobalSection
	GlobalSection(ProjectConfigurationPlatforms) = postSolution
		{AF3C4AA6-0E1E-40F8-AF8E-DDC591E39551}.Debug|Any CPU.ActiveCfg = Debug|Any CPU
		{AF3C4AA6-0E1E-40F8-AF8E-DDC591E39551}.Debug|Any CPU.Build.0 = Debug|Any CPU
		{AF3C4AA6-0E1E-40F8-AF8E-DDC591E39551}.Release|Any CPU.ActiveCfg = Release|Any CPU
		{AF3C4AA6-0E1E-40F8-AF8E-DDC591E39551}.Release|Any CPU.Build.0 = Release|Any CPU
	EndGlobalSection
	GlobalSection(SolutionProperties) = preSolution
		HideSolutionNode = FALSE
	EndGlobalSection
	GlobalSection(ExtensibilityGlobals) = postSolution
		SolutionGuid = {A26EA088-82F6-44EA-9573-D74E53BF4645}
	EndGlobalSection
EndGlobal
